
Microsoft Visual Studio Solution File, Format Version 12.00
Project("{FAE04EC0-301F-11D3-BF4B-00C04F79EFBC}") = "SharpStreamer.Api", "SharpStreamer.Api\SharpStreamer.Api.csproj", "{12B4A297-61EE-46DD-9DE2-AD62495AF6E5}"
EndProject
Project("{FAE04EC0-301F-11D3-BF4B-00C04F79EFBC}") = "SharpStreamer.Abstractions", "SharpStreamer.Abstractions\SharpStreamer.Abstractions.csproj", "{FF89E5E9-10CE-4EDA-89FC-04A6EBE20E61}"
EndProject
Project("{FAE04EC0-301F-11D3-BF4B-00C04F79EFBC}") = "SharpStreamer.RabbitMq", "SharpStreamer.RabbitMq\SharpStreamer.RabbitMq.csproj", "{11C591E2-87A4-435C-8ECC-497A33737FB2}"
EndProject
Project("{2150E333-8FDC-42A3-9474-1A3956D46DE8}") = "reference", "reference", "{CA42A2C8-F411-4571-AEBC-345D2CE35DF8}"
EndProject
Global
	GlobalSection(SolutionConfigurationPlatforms) = preSolution
		Debug|Any CPU = Debug|Any CPU
		Release|Any CPU = Release|Any CPU
	EndGlobalSection
	GlobalSection(ProjectConfigurationPlatforms) = postSolution
		{12B4A297-61EE-46DD-9DE2-AD62495AF6E5}.Debug|Any CPU.ActiveCfg = Debug|Any CPU
		{12B4A297-61EE-46DD-9DE2-AD62495AF6E5}.Debug|Any CPU.Build.0 = Debug|Any CPU
		{12B4A297-61EE-46DD-9DE2-AD62495AF6E5}.Release|Any CPU.ActiveCfg = Release|Any CPU
		{12B4A297-61EE-46DD-9DE2-AD62495AF6E5}.Release|Any CPU.Build.0 = Release|Any CPU
		{FF89E5E9-10CE-4EDA-89FC-04A6EBE20E61}.Debug|Any CPU.ActiveCfg = Debug|Any CPU
		{FF89E5E9-10CE-4EDA-89FC-04A6EBE20E61}.Debug|Any CPU.Build.0 = Debug|Any CPU
		{FF89E5E9-10CE-4EDA-89FC-04A6EBE20E61}.Release|Any CPU.ActiveCfg = Release|Any CPU
		{FF89E5E9-10CE-4EDA-89FC-04A6EBE20E61}.Release|Any CPU.Build.0 = Release|Any CPU
		{11C591E2-87A4-435C-8ECC-497A33737FB2}.Debug|Any CPU.ActiveCfg = Debug|Any CPU
		{11C591E2-87A4-435C-8ECC-497A33737FB2}.Debug|Any CPU.Build.0 = Debug|Any CPU
		{11C591E2-87A4-435C-8ECC-497A33737FB2}.Release|Any CPU.ActiveCfg = Release|Any CPU
		{11C591E2-87A4-435C-8ECC-497A33737FB2}.Release|Any CPU.Build.0 = Release|Any CPU
	EndGlobalSection
	GlobalSection(NestedProjects) = preSolution
		{12B4A297-61EE-46DD-9DE2-AD62495AF6E5} = {CA42A2C8-F411-4571-AEBC-345D2CE35DF8}
	EndGlobalSection
EndGlobal
